
Microsoft Visual Studio Solution File, Format Version 12.00
# Visual Studio Version 16
VisualStudioVersion = 16.0.32228.343
MinimumVisualStudioVersion = 10.0.40219.1
Project("{FAE04EC0-301F-11D3-BF4B-00C04F79EFBC}") = "web", "web\web.csproj", "{ADA2DCD9-3A77-45D5-9728-2FD4BF11E6AC}"
EndProject
Project("{FAE04EC0-301F-11D3-BF4B-00C04F79EFBC}") = "Core", "Core\Core.csproj", "{9B293A89-4426-45F9-8EBA-8ACAC898C84D}"
EndProject
Project("{FAE04EC0-301F-11D3-BF4B-00C04F79EFBC}") = "Infrastructure", "Infrastructure\Infrastructure.csproj", "{72A15C99-B4B9-4BCF-84F4-2FEF2C04EDF2}"
EndProject
Global
	GlobalSection(SolutionConfigurationPlatforms) = preSolution
		Debug|Any CPU = Debug|Any CPU
		Release|Any CPU = Release|Any CPU
	EndGlobalSection
	GlobalSection(ProjectConfigurationPlatforms) = postSolution
		{ADA2DCD9-3A77-45D5-9728-2FD4BF11E6AC}.Debug|Any CPU.ActiveCfg = Debug|Any CPU
		{ADA2DCD9-3A77-45D5-9728-2FD4BF11E6AC}.Debug|Any CPU.Build.0 = Debug|Any CPU
		{ADA2DCD9-3A77-45D5-9728-2FD4BF11E6AC}.Release|Any CPU.ActiveCfg = Release|Any CPU
		{ADA2DCD9-3A77-45D5-9728-2FD4BF11E6AC}.Release|Any CPU.Build.0 = Release|Any CPU
		{9B293A89-4426-45F9-8EBA-8ACAC898C84D}.Debug|Any CPU.ActiveCfg = Debug|Any CPU
		{9B293A89-4426-45F9-8EBA-8ACAC898C84D}.Debug|Any CPU.Build.0 = Debug|Any CPU
		{9B293A89-4426-45F9-8EBA-8ACAC898C84D}.Release|Any CPU.ActiveCfg = Release|Any CPU
		{9B293A89-4426-45F9-8EBA-8ACAC898C84D}.Release|Any CPU.Build.0 = Release|Any CPU
		{72A15C99-B4B9-4BCF-84F4-2FEF2C04EDF2}.Debug|Any CPU.ActiveCfg = Debug|Any CPU
		{72A15C99-B4B9-4BCF-84F4-2FEF2C04EDF2}.Debug|Any CPU.Build.0 = Debug|Any CPU
		{72A15C99-B4B9-4BCF-84F4-2FEF2C04EDF2}.Release|Any CPU.ActiveCfg = Release|Any CPU
		{72A15C99-B4B9-4BCF-84F4-2FEF2C04EDF2}.Release|Any CPU.Build.0 = Release|Any CPU
	EndGlobalSection
	GlobalSection(SolutionProperties) = preSolution
		HideSolutionNode = FALSE
	EndGlobalSection
	GlobalSection(ExtensibilityGlobals) = postSolution
		SolutionGuid = {6FC555F6-581B-4915-B6DB-48375166DDA2}
	EndGlobalSection
EndGlobal
